{
  "nodes": {
    "aiTools": {
      "inputs": {
        "blueprint": "blueprint",
        "bun2nix": "bun2nix",
        "flake-parts": "flake-parts",
        "nixpkgs": "nixpkgs",
        "systems": "systems",
        "treefmt-nix": "treefmt-nix"
      },
      "locked": {
        "lastModified": 1779042963,
        "narHash": "sha256-yCoUVvA2m7DZgdYLApSNjKdzH54qXxDraslS9J1bylI=",
        "owner": "numtide",
        "repo": "nix-ai-tools",
        "rev": "3d13276b288556bd2604447f87c3077793aa5f7e",
        "type": "github"
      },
      "original": {
        "owner": "numtide",
        "repo": "nix-ai-tools",
        "type": "github"
      }
    },
    "beam-flakes": {
      "inputs": {
        "flake-parts": [
          "expert",
          "flake-parts"
        ],
        "nixpkgs": [
          "expert",
          "nixpkgs"
        ]
      },
      "locked": {
        "lastModified": 1771594669,
        "narHash": "sha256-bjqfo3IobpY0se/LOL6U7J0AodvMTZjZad1x3XLc7HY=",
        "owner": "elixir-tools",
        "repo": "nix-beam-flakes",
        "rev": "da950d6652b5b4bc43ee7c440a39097b4d96e448",
        "type": "github"
      },
      "original": {
        "owner": "elixir-tools",
        "repo": "nix-beam-flakes",
        "type": "github"
      }
    },
    "blueprint": {
      "inputs": {
        "nixpkgs": [
          "aiTools",
          "nixpkgs"
        ],
        "systems": [
          "aiTools",
          "systems"
        ]
      },
      "locked": {
        "lastModified": 1776249299,
        "narHash": "sha256-Dt9t1TGRmJFc0xVYhttNBD6QsAgHOHCArqGa0AyjrJY=",
        "owner": "numtide",
        "repo": "blueprint",
        "rev": "56131e8628f173d24a27f6d27c0215eff57e40dd",
        "type": "github"
      },
      "original": {
        "owner": "numtide",
        "repo": "blueprint",
        "type": "github"
      }
    },
    "brew-src": {
      "flake": false,
      "locked": {
        "lastModified": 1778427648,
        "narHash": "sha256-pt9KaDGsMyYWB9JeHs4XGHs870f1lOZe3vx9LpVIhUE=",
        "owner": "Homebrew",
        "repo": "brew",
        "rev": "6f293daa9f9f5832e13b497976335e90509886d7",
        "type": "github"
      },
      "original": {
        "owner": "Homebrew",
        "ref": "5.1.11",
        "repo": "brew",
        "type": "github"
      }
    },
    "bun2nix": {
      "inputs": {
        "flake-parts": [
          "aiTools",
          "flake-parts"
        ],
        "nixpkgs": [
          "aiTools",
          "nixpkgs"
        ],
        "systems": [
          "aiTools",
          "systems"
        ],
        "treefmt-nix": [
          "aiTools",
          "treefmt-nix"
        ]
      },
      "locked": {
        "lastModified": 1778445566,
        "narHash": "sha256-oQvcadh2BCkrog+SGrG6YffKJrveYpjj3TdQJWaKhaM=",
        "owner": "nix-community",
        "repo": "bun2nix",
        "rev": "2499dedd70744dba1815875b854818a3019e9e4c",
        "type": "github"
      },
      "original": {
        "owner": "nix-community",
        "ref": "staging-2.1.0",
        "repo": "bun2nix",
        "type": "github"
      }
    },
    "darwin": {
      "inputs": {
        "nixpkgs": [
          "nixpkgs"
        ]
      },
      "locked": {
        "lastModified": 1769584835,
        "narHash": "sha256-I21RElVDKF8YhA24LMDzXqb4AmkreYfcIYo7SGU9Jek=",
        "owner": "nix-darwin",
        "repo": "nix-darwin",
        "rev": "d6c2f8abfb695d5eae734386257da7fb0ffa8fca",
        "type": "github"
      },
      "original": {
        "owner": "nix-darwin",
        "ref": "nix-darwin-25.05",
        "repo": "nix-darwin",
        "type": "github"
      }
    },
    "expert": {
      "inputs": {
        "beam-flakes": "beam-flakes",
        "flake-parts": "flake-parts_2",
        "nixpkgs": [
          "nixpkgs"
        ]
      },
      "locked": {
        "lastModified": 1778860104,
        "narHash": "sha256-rPv+hs/ibt+zDh64qG/9n35gZ7kZYOQMALRD1zWtIK0=",
        "owner": "elixir-lang",
        "repo": "expert",
        "rev": "b3f039ec024081929bc9776afe8a024fc48ced30",
        "type": "github"
      },
      "original": {
        "owner": "elixir-lang",
        "repo": "expert",
        "type": "github"
      }
    },
    "flake-compat": {
      "flake": false,
      "locked": {
        "lastModified": 1761588595,
        "narHash": "sha256-XKUZz9zewJNUj46b4AJdiRZJAvSZ0Dqj2BNfXvFlJC4=",
        "owner": "edolstra",
        "repo": "flake-compat",
        "rev": "f387cd2afec9419c8ee37694406ca490c3f34ee5",
        "type": "github"
      },
      "original": {
        "owner": "edolstra",
        "repo": "flake-compat",
        "type": "github"
      }
    },
    "flake-parts": {
      "inputs": {
        "nixpkgs-lib": [
          "aiTools",
          "nixpkgs"
        ]
      },
      "locked": {
        "lastModified": 1778716662,
        "narHash": "sha256-m1Yf0wZ8j1OHjTc2UwHwyQRSnNeSgLJOd7q5Y45hzi4=",
        "owner": "hercules-ci",
        "repo": "flake-parts",
        "rev": "f7c1a2d347e4c52d5fb8d10cb4d94b5884e546fb",
        "type": "github"
      },
      "original": {
        "owner": "hercules-ci",
        "repo": "flake-parts",
        "type": "github"
      }
    },
    "flake-parts_2": {
      "inputs": {
        "nixpkgs-lib": "nixpkgs-lib"
      },
      "locked": {
        "lastModified": 1769996383,
        "narHash": "sha256-AnYjnFWgS49RlqX7LrC4uA+sCCDBj0Ry/WOJ5XWAsa0=",
        "owner": "hercules-ci",
        "repo": "flake-parts",
        "rev": "57928607ea566b5db3ad13af0e57e921e6b12381",
        "type": "github"
      },
      "original": {
        "owner": "hercules-ci",
        "repo": "flake-parts",
        "type": "github"
      }
    },
    "ghostty": {
      "inputs": {
        "flake-compat": "flake-compat",
        "home-manager": "home-manager",
        "nixpkgs": "nixpkgs_2",
        "systems": "systems_2",
        "zig": "zig",
        "zon2nix": "zon2nix"
      },
      "locked": {
        "lastModified": 1778978538,
        "narHash": "sha256-jas0VWnSkFk1sPpLav3vMFqHKRW+7Qzne6yQmXJ4dig=",
        "owner": "ghostty-org",
        "repo": "ghostty",
        "rev": "e90b7c9fadadb5b7f936506dfd4f995729093108",
        "type": "github"
      },
      "original": {
        "owner": "ghostty-org",
        "repo": "ghostty",
        "type": "github"
      }
    },
    "home-manager": {
      "inputs": {
        "nixpkgs": [
          "ghostty",
          "nixpkgs"
        ]
      },
      "locked": {
        "lastModified": 1770586272,
        "narHash": "sha256-Ucci8mu8QfxwzyfER2DQDbvW9t1BnTUJhBmY7ybralo=",
        "owner": "nix-community",
        "repo": "home-manager",
        "rev": "b1f916ba052341edc1f80d4b2399f1092a4873ca",
        "type": "github"
      },
      "original": {
        "owner": "nix-community",
        "repo": "home-manager",
        "type": "github"
      }
    },
    "home-manager_2": {
      "inputs": {
        "nixpkgs": [
          "nixpkgs"
        ]
      },
      "locked": {
        "lastModified": 1763992789,
        "narHash": "sha256-WHkdBlw6oyxXIra/vQPYLtqY+3G8dUVZM8bEXk0t8x4=",
        "owner": "nix-community",
        "repo": "home-manager",
        "rev": "44831a7eaba4360fb81f2acc5ea6de5fde90aaa3",
        "type": "github"
      },
      "original": {
        "owner": "nix-community",
        "ref": "release-25.05",
        "repo": "home-manager",
        "type": "github"
      }
    },
    "homebrew-bundle": {
      "flake": false,
      "locked": {
        "lastModified": 1745335228,
        "narHash": "sha256-TIKR2UgtyUmHLNZp255/vLs+1I10hXe+sciMEbAGFwE=",
        "owner": "homebrew",
        "repo": "homebrew-bundle",
        "rev": "a3265c84b232e13048ecbf6fc18a2eedfadbeb08",
        "type": "github"
      },
      "original": {
        "owner": "homebrew",
        "repo": "homebrew-bundle",
        "type": "github"
      }
    },
    "homebrew-cask": {
      "flake": false,
      "locked": {
        "lastModified": 1779039544,
        "narHash": "sha256-ay9FVTxmgNkC5X4XyGv751k8hmK9lxyUmFPHfUOZxbM=",
        "owner": "homebrew",
        "repo": "homebrew-cask",
        "rev": "0ed91f5c7f73d521a9a611d8d22079d645d33021",
        "type": "github"
      },
      "original": {
        "owner": "homebrew",
        "repo": "homebrew-cask",
        "type": "github"
      }
    },
    "homebrew-core": {
      "flake": false,
      "locked": {
        "lastModified": 1779043659,
        "narHash": "sha256-/GhcmimOedMtlZa7Ovo5LqvRVpcSlCnzazKFNlQ/toE=",
        "owner": "homebrew",
        "repo": "homebrew-core",
        "rev": "41d6f8aad27de3a333813fa71986dcb274bc32cb",
        "type": "github"
      },
      "original": {
        "owner": "homebrew",
        "repo": "homebrew-core",
        "type": "github"
      }
    },
    "neovim": {
      "inputs": {
        "nixCats": "nixCats",
        "nixpkgs": "nixpkgs_3",
        "plugins-blink-cmp-fuzzy-path": "plugins-blink-cmp-fuzzy-path",
        "plugins-blink-cmp-git": "plugins-blink-cmp-git",
        "plugins-codediff-nvim": "plugins-codediff-nvim",
        "plugins-copilot-lsp": "plugins-copilot-lsp",
        "plugins-custom-theme-nvim": "plugins-custom-theme-nvim",
        "plugins-diffview-nvim": "plugins-diffview-nvim",
        "plugins-early-retirement-nvim": "plugins-early-retirement-nvim",
        "plugins-iceberg-nvim": "plugins-iceberg-nvim",
        "plugins-incline-nvim": "plugins-incline-nvim",
        "plugins-lze": "plugins-lze",
        "plugins-lzextras": "plugins-lzextras",
        "plugins-maximize-nvim": "plugins-maximize-nvim",
        "plugins-navigator-nvim": "plugins-navigator-nvim",
        "plugins-octo-nvim": "plugins-octo-nvim",
        "plugins-possession-nvim": "plugins-possession-nvim",
        "plugins-sidekick-nvim": "plugins-sidekick-nvim",
        "plugins-snacks-nvim": "plugins-snacks-nvim",
        "plugins-timber-nvim": "plugins-timber-nvim"
      },
      "locked": {
        "path": "./config/rvim",
        "type": "path"
      },
      "original": {
        "path": "./config/rvim",
        "type": "path"
      },
      "parent": []
    },
    "nix-homebrew": {
      "inputs": {
        "brew-src": "brew-src"
      },
      "locked": {
        "lastModified": 1778851564,
        "narHash": "sha256-p8wzcnpB2Iys+QzAKM9/Eyw/pUyqCO3sw/NCnDH4dTE=",
        "owner": "zhaofengli-wip",
        "repo": "nix-homebrew",
        "rev": "b3a87b4793205cc111f3c61e25e018ffac3b8039",
        "type": "github"
      },
      "original": {
        "owner": "zhaofengli-wip",
        "repo": "nix-homebrew",
        "type": "github"
      }
    },
    "nixCats": {
      "locked": {
        "lastModified": 1777273601,
        "narHash": "sha256-xBUa8Tl9V7IXI+VmLEuDc81La/EhoSn1C3EVSnJ3cfU=",
        "owner": "BirdeeHub",
        "repo": "nixCats-nvim",
        "rev": "f69ea013e328841a7def7037ed59788a76be8816",
        "type": "github"
      },
      "original": {
        "owner": "BirdeeHub",
        "repo": "nixCats-nvim",
        "type": "github"
      }
    },
    "nixpkgs": {
      "locked": {
        "lastModified": 1778869304,
        "narHash": "sha256-30sZNZoA1cqF5JNO9fVX+wgiQYjB7HJqqJ4ztCDeBZE=",
        "owner": "NixOS",
        "repo": "nixpkgs",
        "rev": "d233902339c02a9c334e7e593de68855ad26c4cb",
        "type": "github"
      },
      "original": {
        "owner": "NixOS",
        "ref": "nixpkgs-unstable",
        "repo": "nixpkgs",
        "type": "github"
      }
    },
    "nixpkgs-lib": {
      "locked": {
        "lastModified": 1769909678,
        "narHash": "sha256-cBEymOf4/o3FD5AZnzC3J9hLbiZ+QDT/KDuyHXVJOpM=",
        "owner": "nix-community",
        "repo": "nixpkgs.lib",
        "rev": "72716169fe93074c333e8d0173151350670b824c",
        "type": "github"
      },
      "original": {
        "owner": "nix-community",
        "repo": "nixpkgs.lib",
        "type": "github"
      }
    },
    "nixpkgsUnstable": {
      "locked": {
        "lastModified": 1778869304,
        "narHash": "sha256-30sZNZoA1cqF5JNO9fVX+wgiQYjB7HJqqJ4ztCDeBZE=",
        "owner": "NixOS",
        "repo": "nixpkgs",
        "rev": "d233902339c02a9c334e7e593de68855ad26c4cb",
        "type": "github"
      },
      "original": {
        "owner": "NixOS",
        "ref": "nixpkgs-unstable",
        "repo": "nixpkgs",
        "type": "github"
      }
    },
    "nixpkgs_2": {
      "locked": {
        "lastModified": 1770537093,
        "narHash": "sha256-XV30uo8tXuxdzuV8l3sojmlPRLd/8tpMsOp4lNzLGUo=",
        "rev": "fef9403a3e4d31b0a23f0bacebbec52c248fbb51",
        "type": "tarball",
        "url": "https://releases.nixos.org/nixpkgs/nixpkgs-26.05pre942631.fef9403a3e4d/nixexprs.tar.xz"
      },
      "original": {
        "type": "tarball",
        "url": "https://channels.nixos.org/nixpkgs-unstable/nixexprs.tar.xz"
      }
    },
    "nixpkgs_3": {
      "locked": {
        "lastModified": 1778869304,
        "narHash": "sha256-30sZNZoA1cqF5JNO9fVX+wgiQYjB7HJqqJ4ztCDeBZE=",
        "owner": "nixos",
        "repo": "nixpkgs",
        "rev": "d233902339c02a9c334e7e593de68855ad26c4cb",
        "type": "github"
      },
      "original": {
        "owner": "nixos",
        "ref": "nixpkgs-unstable",
        "repo": "nixpkgs",
        "type": "github"
      }
    },
    "nixpkgs_4": {
      "locked": {
        "lastModified": 1768649915,
        "narHash": "sha256-jc21hKogFnxU7KXSVTRmxC7u5D4RHwm9BAvDf5/Z1Uo=",
        "owner": "NixOS",
        "repo": "nixpkgs",
        "rev": "3e3f3c7f9977dc123c23ee21e8085ed63daf8c37",
        "type": "github"
      },
      "original": {
        "owner": "NixOS",
        "ref": "release-25.05",
        "repo": "nixpkgs",
        "type": "github"
      }
    },
    "plugins-blink-cmp-fuzzy-path": {
      "flake": false,
      "locked": {
        "lastModified": 1765126049,
        "narHash": "sha256-7//DN+YGjZLHjVdox5dtTqP7GIkg6JPM9vPZopgFHUY=",
        "owner": "newtoallofthis123",
        "repo": "blink-cmp-fuzzy-path",
        "rev": "9d3c4a1b777d6162d53e0f99513235b62bcb1a17",
        "type": "github"
      },
      "original": {
        "owner": "newtoallofthis123",
        "repo": "blink-cmp-fuzzy-path",
        "type": "github"
      }
    },
    "plugins-blink-cmp-git": {
      "flake": false,
      "locked": {
        "lastModified": 1777039331,
        "narHash": "sha256-s9nn6XRaCYxiwiEkv9J345hN3ppcblVHKE8WP6m+Atg=",
        "owner": "Kaiser-Yang",
        "repo": "blink-cmp-git",
        "rev": "302b9dabec3284de29665e2311118a3202cb192a",
        "type": "github"
      },
      "original": {
        "owner": "Kaiser-Yang",
        "repo": "blink-cmp-git",
        "type": "github"
      }
    },
    "plugins-codediff-nvim": {
      "flake": false,
      "locked": {
        "lastModified": 1778990203,
        "narHash": "sha256-Up4vH5yk13don0HrmHHpqrPIKtc1MTtDbZ6QcMHQYAU=",
        "owner": "esmuellert",
        "repo": "codediff.nvim",
        "rev": "76ff1b13f0bcba655dca85cea1ef0df877a53c0f",
        "type": "github"
      },
      "original": {
        "owner": "esmuellert",
        "repo": "codediff.nvim",
        "type": "github"
      }
    },
    "plugins-copilot-lsp": {
      "flake": false,
      "locked": {
        "lastModified": 1767135426,
        "narHash": "sha256-wb6WpIMUggHjUKEI++pRgg53vyiuwEZQmYWEN7sev3M=",
        "owner": "copilotlsp-nvim",
        "repo": "copilot-lsp",
        "rev": "1b6d8273594643f51bb4c0c1d819bdb21b42159d",
        "type": "github"
      },
      "original": {
        "owner": "copilotlsp-nvim",
        "repo": "copilot-lsp",
        "type": "github"
      }
    },
    "plugins-custom-theme-nvim": {
      "flake": false,
      "locked": {
        "lastModified": 1662979862,
        "narHash": "sha256-bWvIKDjFPR4aYW8wyaH0tkC0tZSuDriPORj2hFuQwXo=",
        "owner": "Djancyp",
        "repo": "custom-theme.nvim",
        "rev": "75b5535b70d2e3a33977598d0a89a4e6c1b56b1a",
        "type": "github"
      },
      "original": {
        "owner": "Djancyp",
        "repo": "custom-theme.nvim",
        "type": "github"
      }
    },
    "plugins-diffview-nvim": {
      "flake": false,
      "locked": {
        "lastModified": 1778971794,
        "narHash": "sha256-ZVH7fJcgaTUOXZ2OnyQPSa4QWKdp4/88hLDdN6xDMpY=",
        "owner": "dlyongemallo",
        "repo": "diffview.nvim",
        "rev": "58558f0fb84c474f714fb8bf72f71a56cce0f46b",
        "type": "github"
      },
      "original": {
        "owner": "dlyongemallo",
        "repo": "diffview.nvim",
        "type": "github"
      }
    },
    "plugins-early-retirement-nvim": {
      "flake": false,
      "locked": {
        "lastModified": 1775505346,
        "narHash": "sha256-vc2Q2iiyx6WcEr4RYtvr4s5yYSYKst+DpNG1WNKLQCI=",
        "owner": "chrisgrieser",
        "repo": "nvim-early-retirement",
        "rev": "3b05315a61c8f01bb893249f9e044fc359122c9d",
        "type": "github"
      },
      "original": {
        "owner": "chrisgrieser",
        "repo": "nvim-early-retirement",
        "type": "github"
      }
    },
    "plugins-iceberg-nvim": {
      "flake": false,
      "locked": {
        "lastModified": 1741942676,
        "narHash": "sha256-quSffzX9iPfYv7pzkHk42AcxhjNvYsklqYqOF0xkNyU=",
        "owner": "oahlen",
        "repo": "iceberg.nvim",
        "rev": "15070f77066fce582f5fae09ce4faa080c33aefd",
        "type": "github"
      },
      "original": {
        "owner": "oahlen",
        "repo": "iceberg.nvim",
        "type": "github"
      }
    },
    "plugins-incline-nvim": {
      "flake": false,
      "locked": {
        "lastModified": 1778159739,
        "narHash": "sha256-UIlrWiym/wO7olXX3W3HQBAuISzzKS4qp2/gprXnb0g=",
        "owner": "b0o",
        "repo": "incline.nvim",
        "rev": "debd628e9395f7a9da57bdc31ce75ca6b40a880b",
        "type": "github"
      },
      "original": {
        "owner": "b0o",
        "repo": "incline.nvim",
        "type": "github"
      }
    },
    "plugins-lze": {
      "flake": false,
      "locked": {
        "lastModified": 1778524591,
        "narHash": "sha256-WPUhor19V/vTmeoqzNKDgbBaTOKfKBMdSKXKiYGDGS0=",
        "owner": "BirdeeHub",
        "repo": "lze",
        "rev": "b4f4e33794e57e43f3737cc5ca3d8fb8d5b36c7c",
        "type": "github"
      },
      "original": {
        "owner": "BirdeeHub",
        "repo": "lze",
        "type": "github"
      }
    },
    "plugins-lzextras": {
      "flake": false,
      "locked": {
        "lastModified": 1778537915,
        "narHash": "sha256-qOzKlPpHTPS5+pms6Hrwj2pFVNN/vZgn1QjUPtk7TrU=",
        "owner": "BirdeeHub",
        "repo": "lzextras",
        "rev": "52099e2f6fa803e5f99d40346d36d897ca01c302",
        "type": "github"
      },
      "original": {
        "owner": "BirdeeHub",
        "repo": "lzextras",
        "type": "github"
      }
    },
    "plugins-maximize-nvim": {
      "flake": false,
      "locked": {
        "lastModified": 1724018013,
        "narHash": "sha256-rwnvX+Sul+bwESZtpqbvaDJuk49SV9tLUnvgiAH4VMs=",
        "owner": "declancm",
        "repo": "maximize.nvim",
        "rev": "d688b66344b03ee6e5a32a0a40af85d174490af8",
        "type": "github"
      },
      "original": {
        "owner": "declancm",
        "repo": "maximize.nvim",
        "type": "github"
      }
    },
    "plugins-navigator-nvim": {
      "flake": false,
      "locked": {
        "lastModified": 1675344172,
        "narHash": "sha256-Oyuv8mLPiMEsZPRnIgEjBFYJjGEhMzg+gnNhSSRvGoo=",
        "owner": "numToStr",
        "repo": "Navigator.nvim",
        "rev": "91d86506ac2a039504d5205d32a1d4bc7aa57072",
        "type": "github"
      },
      "original": {
        "owner": "numToStr",
        "repo": "Navigator.nvim",
        "type": "github"
      }
    },
    "plugins-octo-nvim": {
      "flake": false,
      "locked": {
        "lastModified": 1778585149,
        "narHash": "sha256-kjm3jVmJwiC3RyvdtXW+kUO7zy48BrohfC+BzjsjTQE=",
        "owner": "pwntester",
        "repo": "octo.nvim",
        "rev": "21637048c22f47809d896dace7b2b72b6c724692",
        "type": "github"
      },
      "original": {
        "owner": "pwntester",
        "repo": "octo.nvim",
        "type": "github"
      }
    },
    "plugins-possession-nvim": {
      "flake": false,
      "locked": {
        "lastModified": 1761078973,
        "narHash": "sha256-RVIjnBU3jAPPda39yhUSVL/QMgg8D2mRAlNpzZfPdUU=",
        "owner": "jedrzejboczar",
        "repo": "possession.nvim",
        "rev": "fbea95b16c284727bc8deff2c3780a73efcdaca6",
        "type": "github"
      },
      "original": {
        "owner": "jedrzejboczar",
        "repo": "possession.nvim",
        "type": "github"
      }
    },
    "plugins-sidekick-nvim": {
      "flake": false,
      "locked": {
        "lastModified": 1776888531,
        "narHash": "sha256-I1YuIXJHP7JfETwOer6B7QDLMZGG/X59zXopb4nPel4=",
        "owner": "folke",
        "repo": "sidekick.nvim",
        "rev": "208e1c5b8170c01fd1d07df0139322a76479b235",
        "type": "github"
      },
      "original": {
        "owner": "folke",
        "repo": "sidekick.nvim",
        "type": "github"
      }
    },
    "plugins-snacks-nvim": {
      "flake": false,
      "locked": {
        "lastModified": 1774083139,
        "narHash": "sha256-7lDH1JlTM+H/LWjMlAQPNY6A+xmS/cp+wChy4buGYIU=",
        "owner": "folke",
        "repo": "snacks.nvim",
        "rev": "ad9ede6a9cddf16cedbd31b8932d6dcdee9b716e",
        "type": "github"
      },
      "original": {
        "owner": "folke",
        "repo": "snacks.nvim",
        "type": "github"
      }
    },
    "plugins-timber-nvim": {
      "flake": false,
      "locked": {
        "lastModified": 1764900469,
        "narHash": "sha256-cFsyftT8ZZS5C1LX03qTMu4v1Uljvj/lrIn8bSAxmZw=",
        "owner": "Goose97",
        "repo": "timber.nvim",
        "rev": "1038a15f846e73840819355cab1c4346e6cf97f6",
        "type": "github"
      },
      "original": {
        "owner": "Goose97",
        "repo": "timber.nvim",
        "type": "github"
      }
    },
    "private": {
      "flake": false,
      "locked": {
        "lastModified": 1779036928,
        "narHash": "sha256-z3ZVK+QBXZhOfdbpZ3FXctkQyyQGduJdJV8mfBTbNT0=",
        "ref": "refs/heads/main",
        "rev": "80e112c725ac89a543861027e406916289af525d",
        "revCount": 120,
        "type": "git",
        "url": "file:///Users/rakshan/dotfiles/private"
      },
      "original": {
        "type": "git",
        "url": "file:///Users/rakshan/dotfiles/private"
      }
    },
    "root": {
      "inputs": {
        "aiTools": "aiTools",
        "darwin": "darwin",
        "expert": "expert",
        "ghostty": "ghostty",
        "home-manager": "home-manager_2",
        "homebrew-bundle": "homebrew-bundle",
        "homebrew-cask": "homebrew-cask",
        "homebrew-core": "homebrew-core",
        "neovim": "neovim",
        "nix-homebrew": "nix-homebrew",
        "nixpkgs": "nixpkgs_4",
        "nixpkgsUnstable": "nixpkgsUnstable",
        "private": "private",
        "sops-nix": "sops-nix"
      }
    },
    "sops-nix": {
      "inputs": {
        "nixpkgs": [
          "nixpkgs"
        ]
      },
      "locked": {
        "lastModified": 1777944972,
        "narHash": "sha256-VfGRo1qTBKOe3s2gOv8LSoA6Fk19PvBlwQ1ECN0Evn8=",
        "owner": "Mic92",
        "repo": "sops-nix",
        "rev": "c591bf665727040c6cc5cb409079acb22dcce33c",
        "type": "github"
      },
      "original": {
        "owner": "Mic92",
        "repo": "sops-nix",
        "type": "github"
      }
    },
    "systems": {
      "locked": {
        "lastModified": 1681028828,
        "narHash": "sha256-Vy1rq5AaRuLzOxct8nz4T6wlgyUR7zLU309k9mBC768=",
        "owner": "nix-systems",
        "repo": "default",
        "rev": "da67096a3b9bf56a91d16901293e51ba5b49a27e",
        "type": "github"
      },
      "original": {
        "owner": "nix-systems",
        "repo": "default",
        "type": "github"
      }
    },
    "systems_2": {
      "flake": false,
      "locked": {
        "lastModified": 1681028828,
        "narHash": "sha256-Vy1rq5AaRuLzOxct8nz4T6wlgyUR7zLU309k9mBC768=",
        "owner": "nix-systems",
        "repo": "default",
        "rev": "da67096a3b9bf56a91d16901293e51ba5b49a27e",
        "type": "github"
      },
      "original": {
        "owner": "nix-systems",
        "repo": "default",
        "type": "github"
      }
    },
    "treefmt-nix": {
      "inputs": {
        "nixpkgs": [
          "aiTools",
          "nixpkgs"
        ]
      },
      "locked": {
        "lastModified": 1775636079,
        "narHash": "sha256-pc20NRoMdiar8oPQceQT47UUZMBTiMdUuWrYu2obUP0=",
        "owner": "numtide",
        "repo": "treefmt-nix",
        "rev": "790751ff7fd3801feeaf96d7dc416a8d581265ba",
        "type": "github"
      },
      "original": {
        "owner": "numtide",
        "repo": "treefmt-nix",
        "type": "github"
      }
    },
    "zig": {
      "inputs": {
        "flake-compat": [
          "ghostty",
          "flake-compat"
        ],
        "nixpkgs": [
          "ghostty",
          "nixpkgs"
        ],
        "systems": [
          "ghostty",
          "systems"
        ]
      },
      "locked": {
        "lastModified": 1776789209,
        "narHash": "sha256-G6B7Q4TXn7MZ1mB+f9rymjsYF5PLWoSvmbxijb/99bw=",
        "owner": "mitchellh",
        "repo": "zig-overlay",
        "rev": "14fe971844e841297ddd2ce9783d6892b467af39",
        "type": "github"
      },
      "original": {
        "owner": "mitchellh",
        "repo": "zig-overlay",
        "type": "github"
      }
    },
    "zig_2": {
      "inputs": {
        "nixpkgs": [
          "ghostty",
          "zon2nix",
          "nixpkgs"
        ]
      },
      "locked": {
        "lastModified": 1777234348,
        "narHash": "sha256-fKw44a4qbUuI5eTG8k0gPbqMV5TOrjYF35PBzsYgd2U=",
        "ref": "refs/heads/main",
        "rev": "2c781c0609ecda600ab98f98cca417bbd981bd53",
        "revCount": 1677,
        "type": "git",
        "url": "https://codeberg.org/jcollie/zig-overlay.git"
      },
      "original": {
        "type": "git",
        "url": "https://codeberg.org/jcollie/zig-overlay.git"
      }
    },
    "zon2nix": {
      "inputs": {
        "nixpkgs": [
          "ghostty",
          "nixpkgs"
        ],
        "zig": "zig_2"
      },
      "locked": {
        "lastModified": 1777314365,
        "narHash": "sha256-eLxQaD0wc96Neqkln8wHS0rNq/chPODifFkhwrwilEU=",
        "owner": "jcollie",
        "repo": "zon2nix",
        "rev": "a5a1d412ad1ab6305511997bbc92b3a9dd6cb784",
        "type": "github"
      },
      "original": {
        "owner": "jcollie",
        "ref": "main",
        "repo": "zon2nix",
        "type": "github"
      }
    }
  },
  "root": "root",
  "version": 7
}
