{
  "nodes": {
    "aiTools": {
      "inputs": {
        "blueprint": "blueprint",
        "nixpkgs": "nixpkgs",
        "treefmt-nix": "treefmt-nix"
      },
      "locked": {
        "lastModified": 1769482725,
        "narHash": "sha256-Y4vH4PJIz4dt8SRJ5nm6yJCDzJRVEMdE5tP2TFIUfoQ=",
        "owner": "numtide",
        "repo": "nix-ai-tools",
        "rev": "ae0667122f9a2336b23a4b4751997fe2f161fb37",
        "type": "github"
      },
      "original": {
        "owner": "numtide",
        "repo": "nix-ai-tools",
        "type": "github"
      }
    },
    "beam-flakes": {
      "inputs": {
        "flake-parts": [
          "expert",
          "flake-parts"
        ],
        "nixpkgs": [
          "expert",
          "nixpkgs"
        ]
      },
      "locked": {
        "lastModified": 1763144771,
        "narHash": "sha256-VWF3RK2lNPX5tz14LnJM7DXkP1YwgrTuu3RqeVEymCk=",
        "owner": "elixir-tools",
        "repo": "nix-beam-flakes",
        "rev": "0927b7964669ff9301e90ec5753ac81885a4b1bf",
        "type": "github"
      },
      "original": {
        "owner": "elixir-tools",
        "repo": "nix-beam-flakes",
        "type": "github"
      }
    },
    "blueprint": {
      "inputs": {
        "nixpkgs": [
          "aiTools",
          "nixpkgs"
        ],
        "systems": "systems"
      },
      "locked": {
        "lastModified": 1769353768,
        "narHash": "sha256-zI+7cbMI4wMIR57jMjDSEsVb3grapTnURDxxJPYFIW0=",
        "owner": "numtide",
        "repo": "blueprint",
        "rev": "c7da5c70ad1c9b60b6f5d4f674fbe205d48d8f6c",
        "type": "github"
      },
      "original": {
        "owner": "numtide",
        "repo": "blueprint",
        "type": "github"
      }
    },
    "brew-src": {
      "flake": false,
      "locked": {
        "lastModified": 1769363988,
        "narHash": "sha256-BiGPeulrDVetXP+tjxhMcGLUROZAtZIhU5m4MqawCfM=",
        "owner": "Homebrew",
        "repo": "brew",
        "rev": "d01011cac6d72032c75fd2cd9489909e95d9faf2",
        "type": "github"
      },
      "original": {
        "owner": "Homebrew",
        "ref": "5.0.12",
        "repo": "brew",
        "type": "github"
      }
    },
    "darwin": {
      "inputs": {
        "nixpkgs": [
          "nixpkgs"
        ]
      },
      "locked": {
        "lastModified": 1762912391,
        "narHash": "sha256-4hpBE7bGd24SfD28rzMdUGXsLsNEYxCCrTipFdoqoNM=",
        "owner": "nix-darwin",
        "repo": "nix-darwin",
        "rev": "d76299b2cd01837c4c271a7b5186e3d5d8ebd126",
        "type": "github"
      },
      "original": {
        "owner": "nix-darwin",
        "ref": "nix-darwin-25.05",
        "repo": "nix-darwin",
        "type": "github"
      }
    },
    "expert": {
      "inputs": {
        "beam-flakes": "beam-flakes",
        "flake-parts": "flake-parts",
        "nixpkgs": [
          "nixpkgs"
        ]
      },
      "locked": {
        "lastModified": 1769456917,
        "narHash": "sha256-Csm3SugPP4upEsOdtJEE1VAGnnGoI9v1M2YAQQ1TaJ8=",
        "owner": "elixir-lang",
        "repo": "expert",
        "rev": "d91f6af0fb7c78a9da1aa0c83787783dee94507e",
        "type": "github"
      },
      "original": {
        "owner": "elixir-lang",
        "repo": "expert",
        "type": "github"
      }
    },
    "flake-compat": {
      "flake": false,
      "locked": {
        "lastModified": 1761588595,
        "narHash": "sha256-XKUZz9zewJNUj46b4AJdiRZJAvSZ0Dqj2BNfXvFlJC4=",
        "owner": "edolstra",
        "repo": "flake-compat",
        "rev": "f387cd2afec9419c8ee37694406ca490c3f34ee5",
        "type": "github"
      },
      "original": {
        "owner": "edolstra",
        "repo": "flake-compat",
        "type": "github"
      }
    },
    "flake-parts": {
      "inputs": {
        "nixpkgs-lib": "nixpkgs-lib"
      },
      "locked": {
        "lastModified": 1762980239,
        "narHash": "sha256-8oNVE8TrD19ulHinjaqONf9QWCKK+w4url56cdStMpM=",
        "owner": "hercules-ci",
        "repo": "flake-parts",
        "rev": "52a2caecc898d0b46b2b905f058ccc5081f842da",
        "type": "github"
      },
      "original": {
        "owner": "hercules-ci",
        "repo": "flake-parts",
        "type": "github"
      }
    },
    "flake-utils": {
      "inputs": {
        "systems": "systems_2"
      },
      "locked": {
        "lastModified": 1731533236,
        "narHash": "sha256-l0KFg5HjrsfsO/JpG+r7fRrqm12kzFHyUHqHCVpMMbI=",
        "owner": "numtide",
        "repo": "flake-utils",
        "rev": "11707dc2f618dd54ca8739b309ec4fc024de578b",
        "type": "github"
      },
      "original": {
        "owner": "numtide",
        "repo": "flake-utils",
        "type": "github"
      }
    },
    "ghostty": {
      "inputs": {
        "flake-compat": "flake-compat",
        "flake-utils": "flake-utils",
        "home-manager": "home-manager",
        "nixpkgs": "nixpkgs_2",
        "zig": "zig",
        "zon2nix": "zon2nix"
      },
      "locked": {
        "lastModified": 1769487626,
        "narHash": "sha256-6Ravr+GWzTlMQglRmAVoZupLttHrkOmZp3Pwuv7FB/w=",
        "owner": "ghostty-org",
        "repo": "ghostty",
        "rev": "01ea3744c59af4d973e96c5cce2fe8d4aa485e59",
        "type": "github"
      },
      "original": {
        "owner": "ghostty-org",
        "repo": "ghostty",
        "type": "github"
      }
    },
    "home-manager": {
      "inputs": {
        "nixpkgs": [
          "ghostty",
          "nixpkgs"
        ]
      },
      "locked": {
        "lastModified": 1768068402,
        "narHash": "sha256-bAXnnJZKJiF7Xr6eNW6+PhBf1lg2P1aFUO9+xgWkXfA=",
        "owner": "nix-community",
        "repo": "home-manager",
        "rev": "8bc5473b6bc2b6e1529a9c4040411e1199c43b4c",
        "type": "github"
      },
      "original": {
        "owner": "nix-community",
        "repo": "home-manager",
        "type": "github"
      }
    },
    "home-manager_2": {
      "inputs": {
        "nixpkgs": [
          "nixpkgs"
        ]
      },
      "locked": {
        "lastModified": 1763992789,
        "narHash": "sha256-WHkdBlw6oyxXIra/vQPYLtqY+3G8dUVZM8bEXk0t8x4=",
        "owner": "nix-community",
        "repo": "home-manager",
        "rev": "44831a7eaba4360fb81f2acc5ea6de5fde90aaa3",
        "type": "github"
      },
      "original": {
        "owner": "nix-community",
        "ref": "release-25.05",
        "repo": "home-manager",
        "type": "github"
      }
    },
    "homebrew-bundle": {
      "flake": false,
      "locked": {
        "lastModified": 1745335228,
        "narHash": "sha256-TIKR2UgtyUmHLNZp255/vLs+1I10hXe+sciMEbAGFwE=",
        "owner": "homebrew",
        "repo": "homebrew-bundle",
        "rev": "a3265c84b232e13048ecbf6fc18a2eedfadbeb08",
        "type": "github"
      },
      "original": {
        "owner": "homebrew",
        "repo": "homebrew-bundle",
        "type": "github"
      }
    },
    "homebrew-cask": {
      "flake": false,
      "locked": {
        "lastModified": 1769491795,
        "narHash": "sha256-yiH1qK/JEEofX7A/U8Pn1XPPv2ySqB5PKFXJa+BSX5s=",
        "owner": "homebrew",
        "repo": "homebrew-cask",
        "rev": "55d6adf79e9d276fc6de623cae9d9c316da7e751",
        "type": "github"
      },
      "original": {
        "owner": "homebrew",
        "repo": "homebrew-cask",
        "type": "github"
      }
    },
    "homebrew-core": {
      "flake": false,
      "locked": {
        "lastModified": 1769494875,
        "narHash": "sha256-a4zfpu8d+Sb3McyFgduj6+i2mHyTWsgE7h4To5PEeog=",
        "owner": "homebrew",
        "repo": "homebrew-core",
        "rev": "d44d53a3a62ff7393639dcb3fa0024ebfe1a2736",
        "type": "github"
      },
      "original": {
        "owner": "homebrew",
        "repo": "homebrew-core",
        "type": "github"
      }
    },
    "neovim": {
      "inputs": {
        "nixCats": "nixCats",
        "nixpkgs": "nixpkgs_3",
        "nixpkgs-marksman": "nixpkgs-marksman",
        "plugins-blink-cmp-fuzzy-path": "plugins-blink-cmp-fuzzy-path",
        "plugins-blink-cmp-git": "plugins-blink-cmp-git",
        "plugins-copilot-lsp": "plugins-copilot-lsp",
        "plugins-custom-theme-nvim": "plugins-custom-theme-nvim",
        "plugins-early-retirement-nvim": "plugins-early-retirement-nvim",
        "plugins-iceberg-nvim": "plugins-iceberg-nvim",
        "plugins-incline-nvim": "plugins-incline-nvim",
        "plugins-lze": "plugins-lze",
        "plugins-lzextras": "plugins-lzextras",
        "plugins-maximize-nvim": "plugins-maximize-nvim",
        "plugins-navigator-nvim": "plugins-navigator-nvim",
        "plugins-octo-nvim": "plugins-octo-nvim",
        "plugins-possession-nvim": "plugins-possession-nvim",
        "plugins-sidekick-nvim": "plugins-sidekick-nvim",
        "plugins-snacks-nvim": "plugins-snacks-nvim",
        "plugins-timber-nvim": "plugins-timber-nvim"
      },
      "locked": {
        "path": "./config/rvim",
        "type": "path"
      },
      "original": {
        "path": "./config/rvim",
        "type": "path"
      },
      "parent": []
    },
    "nix-homebrew": {
      "inputs": {
        "brew-src": "brew-src"
      },
      "locked": {
        "lastModified": 1769437432,
        "narHash": "sha256-8d7KnCpT2LweRvSzZYEGd9IM3eFX+A78opcnDM0+ndk=",
        "owner": "zhaofengli-wip",
        "repo": "nix-homebrew",
        "rev": "a5409abd0d5013d79775d3419bcac10eacb9d8c5",
        "type": "github"
      },
      "original": {
        "owner": "zhaofengli-wip",
        "repo": "nix-homebrew",
        "type": "github"
      }
    },
    "nixCats": {
      "locked": {
        "lastModified": 1769085828,
        "narHash": "sha256-TjhFIAtS628+/r3IuYWPcNa++mUMMDDG8PbSfFHXBiA=",
        "owner": "BirdeeHub",
        "repo": "nixCats-nvim",
        "rev": "43fbf4d12b0a613f1a792503da4bb2bf270173c7",
        "type": "github"
      },
      "original": {
        "owner": "BirdeeHub",
        "repo": "nixCats-nvim",
        "type": "github"
      }
    },
    "nixpkgs": {
      "locked": {
        "lastModified": 1769421245,
        "narHash": "sha256-m5QLKjpdhbDrhyrUbEm5Haq3lqE5Z6xh2tab5vTHUTo=",
        "owner": "NixOS",
        "repo": "nixpkgs",
        "rev": "5b265bda51b42a2a85af0a543c3e57b778b01b7d",
        "type": "github"
      },
      "original": {
        "owner": "NixOS",
        "ref": "nixpkgs-unstable",
        "repo": "nixpkgs",
        "type": "github"
      }
    },
    "nixpkgs-lib": {
      "locked": {
        "lastModified": 1761765539,
        "narHash": "sha256-b0yj6kfvO8ApcSE+QmA6mUfu8IYG6/uU28OFn4PaC8M=",
        "owner": "nix-community",
        "repo": "nixpkgs.lib",
        "rev": "719359f4562934ae99f5443f20aa06c2ffff91fc",
        "type": "github"
      },
      "original": {
        "owner": "nix-community",
        "repo": "nixpkgs.lib",
        "type": "github"
      }
    },
    "nixpkgs-marksman": {
      "locked": {
        "lastModified": 1769105483,
        "narHash": "sha256-cC4W6KDq3942hk4zyoDWYOvb/9lvlsPZbrdlTj9hsxw=",
        "owner": "nixos",
        "repo": "nixpkgs",
        "rev": "70801e06d9730c4f1704fbd3bbf5b8e11c03a2a7",
        "type": "github"
      },
      "original": {
        "owner": "nixos",
        "repo": "nixpkgs",
        "rev": "70801e06d9730c4f1704fbd3bbf5b8e11c03a2a7",
        "type": "github"
      }
    },
    "nixpkgsUnstable": {
      "locked": {
        "lastModified": 1769433173,
        "narHash": "sha256-Gf1dFYgD344WZ3q0LPlRoWaNdNQq8kSBDLEWulRQSEs=",
        "owner": "NixOS",
        "repo": "nixpkgs",
        "rev": "13b0f9e6ac78abbbb736c635d87845c4f4bee51b",
        "type": "github"
      },
      "original": {
        "owner": "NixOS",
        "ref": "nixpkgs-unstable",
        "repo": "nixpkgs",
        "type": "github"
      }
    },
    "nixpkgs_2": {
      "locked": {
        "lastModified": 1768032153,
        "narHash": "sha256-zvxtwlM8ZlulmZKyYCQAPpkm5dngSEnnHjmjV7Teloc=",
        "rev": "3146c6aa9995e7351a398e17470e15305e6e18ff",
        "type": "tarball",
        "url": "https://releases.nixos.org/nixpkgs/nixpkgs-26.05pre925418.3146c6aa9995/nixexprs.tar.xz"
      },
      "original": {
        "type": "tarball",
        "url": "https://channels.nixos.org/nixpkgs-unstable/nixexprs.tar.xz"
      }
    },
    "nixpkgs_3": {
      "locked": {
        "lastModified": 1769433173,
        "narHash": "sha256-Gf1dFYgD344WZ3q0LPlRoWaNdNQq8kSBDLEWulRQSEs=",
        "owner": "nixos",
        "repo": "nixpkgs",
        "rev": "13b0f9e6ac78abbbb736c635d87845c4f4bee51b",
        "type": "github"
      },
      "original": {
        "owner": "nixos",
        "ref": "nixpkgs-unstable",
        "repo": "nixpkgs",
        "type": "github"
      }
    },
    "nixpkgs_4": {
      "locked": {
        "lastModified": 1768649915,
        "narHash": "sha256-jc21hKogFnxU7KXSVTRmxC7u5D4RHwm9BAvDf5/Z1Uo=",
        "owner": "NixOS",
        "repo": "nixpkgs",
        "rev": "3e3f3c7f9977dc123c23ee21e8085ed63daf8c37",
        "type": "github"
      },
      "original": {
        "owner": "NixOS",
        "ref": "release-25.05",
        "repo": "nixpkgs",
        "type": "github"
      }
    },
    "plugins-blink-cmp-fuzzy-path": {
      "flake": false,
      "locked": {
        "lastModified": 1765126049,
        "narHash": "sha256-7//DN+YGjZLHjVdox5dtTqP7GIkg6JPM9vPZopgFHUY=",
        "owner": "newtoallofthis123",
        "repo": "blink-cmp-fuzzy-path",
        "rev": "9d3c4a1b777d6162d53e0f99513235b62bcb1a17",
        "type": "github"
      },
      "original": {
        "owner": "newtoallofthis123",
        "repo": "blink-cmp-fuzzy-path",
        "type": "github"
      }
    },
    "plugins-blink-cmp-git": {
      "flake": false,
      "locked": {
        "lastModified": 1759993721,
        "narHash": "sha256-zGXFZdID1ej8T1Knp4RpfJQ1uocw2GbOQEJbti6Pkhk=",
        "owner": "Kaiser-Yang",
        "repo": "blink-cmp-git",
        "rev": "e3ad0ffaaa3b3b7e2158cc72cd6dad2d19842c46",
        "type": "github"
      },
      "original": {
        "owner": "Kaiser-Yang",
        "repo": "blink-cmp-git",
        "type": "github"
      }
    },
    "plugins-copilot-lsp": {
      "flake": false,
      "locked": {
        "lastModified": 1767135426,
        "narHash": "sha256-wb6WpIMUggHjUKEI++pRgg53vyiuwEZQmYWEN7sev3M=",
        "owner": "copilotlsp-nvim",
        "repo": "copilot-lsp",
        "rev": "1b6d8273594643f51bb4c0c1d819bdb21b42159d",
        "type": "github"
      },
      "original": {
        "owner": "copilotlsp-nvim",
        "repo": "copilot-lsp",
        "type": "github"
      }
    },
    "plugins-custom-theme-nvim": {
      "flake": false,
      "locked": {
        "lastModified": 1662979862,
        "narHash": "sha256-bWvIKDjFPR4aYW8wyaH0tkC0tZSuDriPORj2hFuQwXo=",
        "owner": "Djancyp",
        "repo": "custom-theme.nvim",
        "rev": "75b5535b70d2e3a33977598d0a89a4e6c1b56b1a",
        "type": "github"
      },
      "original": {
        "owner": "Djancyp",
        "repo": "custom-theme.nvim",
        "type": "github"
      }
    },
    "plugins-early-retirement-nvim": {
      "flake": false,
      "locked": {
        "lastModified": 1767720082,
        "narHash": "sha256-2fQsVQUAuKX0uz+umM7VCUFPRKmIr7L9KQIgnlo3bG0=",
        "owner": "chrisgrieser",
        "repo": "nvim-early-retirement",
        "rev": "79ea1568df53986e0d9f4d36fd542933a34b2e61",
        "type": "github"
      },
      "original": {
        "owner": "chrisgrieser",
        "repo": "nvim-early-retirement",
        "type": "github"
      }
    },
    "plugins-iceberg-nvim": {
      "flake": false,
      "locked": {
        "lastModified": 1741942676,
        "narHash": "sha256-quSffzX9iPfYv7pzkHk42AcxhjNvYsklqYqOF0xkNyU=",
        "owner": "oahlen",
        "repo": "iceberg.nvim",
        "rev": "15070f77066fce582f5fae09ce4faa080c33aefd",
        "type": "github"
      },
      "original": {
        "owner": "oahlen",
        "repo": "iceberg.nvim",
        "type": "github"
      }
    },
    "plugins-incline-nvim": {
      "flake": false,
      "locked": {
        "lastModified": 1766038939,
        "narHash": "sha256-aOkmH3j1F6Hqxb7ug/fxlj/rhCzhzC8gORdJmetjhoQ=",
        "owner": "b0o",
        "repo": "incline.nvim",
        "rev": "8b54c59bcb23366645ae10edca6edfb9d3a0853e",
        "type": "github"
      },
      "original": {
        "owner": "b0o",
        "repo": "incline.nvim",
        "type": "github"
      }
    },
    "plugins-lze": {
      "flake": false,
      "locked": {
        "lastModified": 1769311512,
        "narHash": "sha256-pnlRv6A7BfvVxiodbbpUWoqS97ICV6GvRkrcZ8dNGNA=",
        "owner": "BirdeeHub",
        "repo": "lze",
        "rev": "23f5ee642a93164370f7d9bb4a3cd9365ce09633",
        "type": "github"
      },
      "original": {
        "owner": "BirdeeHub",
        "repo": "lze",
        "type": "github"
      }
    },
    "plugins-lzextras": {
      "flake": false,
      "locked": {
        "lastModified": 1769311500,
        "narHash": "sha256-CzGYEsCQS4Uv1NP6bAWSozAofEB/oAsX/AclBRm8RUU=",
        "owner": "BirdeeHub",
        "repo": "lzextras",
        "rev": "ab0876c2de2d63b57db9e0e432027897b6540e6a",
        "type": "github"
      },
      "original": {
        "owner": "BirdeeHub",
        "repo": "lzextras",
        "type": "github"
      }
    },
    "plugins-maximize-nvim": {
      "flake": false,
      "locked": {
        "lastModified": 1724018013,
        "narHash": "sha256-rwnvX+Sul+bwESZtpqbvaDJuk49SV9tLUnvgiAH4VMs=",
        "owner": "declancm",
        "repo": "maximize.nvim",
        "rev": "d688b66344b03ee6e5a32a0a40af85d174490af8",
        "type": "github"
      },
      "original": {
        "owner": "declancm",
        "repo": "maximize.nvim",
        "type": "github"
      }
    },
    "plugins-navigator-nvim": {
      "flake": false,
      "locked": {
        "lastModified": 1675344172,
        "narHash": "sha256-Oyuv8mLPiMEsZPRnIgEjBFYJjGEhMzg+gnNhSSRvGoo=",
        "owner": "numToStr",
        "repo": "Navigator.nvim",
        "rev": "91d86506ac2a039504d5205d32a1d4bc7aa57072",
        "type": "github"
      },
      "original": {
        "owner": "numToStr",
        "repo": "Navigator.nvim",
        "type": "github"
      }
    },
    "plugins-octo-nvim": {
      "flake": false,
      "locked": {
        "lastModified": 1769082642,
        "narHash": "sha256-lIQS/PNjQb4DSIfHBagYjcIw4Kz4HTZDlcCgSVdZ580=",
        "owner": "pwntester",
        "repo": "octo.nvim",
        "rev": "5ae580df72589f25b775ff2bdacfd7f7be8d63bd",
        "type": "github"
      },
      "original": {
        "owner": "pwntester",
        "repo": "octo.nvim",
        "type": "github"
      }
    },
    "plugins-possession-nvim": {
      "flake": false,
      "locked": {
        "lastModified": 1761078973,
        "narHash": "sha256-RVIjnBU3jAPPda39yhUSVL/QMgg8D2mRAlNpzZfPdUU=",
        "owner": "jedrzejboczar",
        "repo": "possession.nvim",
        "rev": "fbea95b16c284727bc8deff2c3780a73efcdaca6",
        "type": "github"
      },
      "original": {
        "owner": "jedrzejboczar",
        "repo": "possession.nvim",
        "type": "github"
      }
    },
    "plugins-sidekick-nvim": {
      "flake": false,
      "locked": {
        "lastModified": 1761909278,
        "narHash": "sha256-ABuILCcKfYViZoFHaCepgIMLjvMEb/SBmGqGHUBucAM=",
        "owner": "folke",
        "repo": "sidekick.nvim",
        "rev": "c2bdf8cfcd87a6be5f8b84322c1b5052e78e302e",
        "type": "github"
      },
      "original": {
        "owner": "folke",
        "repo": "sidekick.nvim",
        "type": "github"
      }
    },
    "plugins-snacks-nvim": {
      "flake": false,
      "locked": {
        "lastModified": 1763464072,
        "narHash": "sha256-vRedYg29QGPGW0hOX9qbRSIImh1d/SoDZHImDF2oqKM=",
        "owner": "folke",
        "repo": "snacks.nvim",
        "rev": "fe7cfe9800a182274d0f868a74b7263b8c0c020b",
        "type": "github"
      },
      "original": {
        "owner": "folke",
        "repo": "snacks.nvim",
        "type": "github"
      }
    },
    "plugins-timber-nvim": {
      "flake": false,
      "locked": {
        "lastModified": 1764900469,
        "narHash": "sha256-cFsyftT8ZZS5C1LX03qTMu4v1Uljvj/lrIn8bSAxmZw=",
        "owner": "Goose97",
        "repo": "timber.nvim",
        "rev": "1038a15f846e73840819355cab1c4346e6cf97f6",
        "type": "github"
      },
      "original": {
        "owner": "Goose97",
        "repo": "timber.nvim",
        "type": "github"
      }
    },
    "private": {
      "flake": false,
      "locked": {
        "lastModified": 1769511662,
        "narHash": "sha256-ET1Be4JtBrUsQaSkD7FBYAkE9XyeLCienoVkRrpuofQ=",
        "ref": "refs/heads/main",
        "rev": "5848bc9d8373f4ae6b335bd91bcf5d59d4af2e83",
        "revCount": 88,
        "type": "git",
        "url": "file:///Users/rakshan/dotfiles/private"
      },
      "original": {
        "type": "git",
        "url": "file:///Users/rakshan/dotfiles/private"
      }
    },
    "root": {
      "inputs": {
        "aiTools": "aiTools",
        "darwin": "darwin",
        "expert": "expert",
        "ghostty": "ghostty",
        "home-manager": "home-manager_2",
        "homebrew-bundle": "homebrew-bundle",
        "homebrew-cask": "homebrew-cask",
        "homebrew-core": "homebrew-core",
        "neovim": "neovim",
        "nix-homebrew": "nix-homebrew",
        "nixpkgs": "nixpkgs_4",
        "nixpkgsUnstable": "nixpkgsUnstable",
        "private": "private",
        "sops-nix": "sops-nix"
      }
    },
    "sops-nix": {
      "inputs": {
        "nixpkgs": [
          "nixpkgs"
        ]
      },
      "locked": {
        "lastModified": 1769469829,
        "narHash": "sha256-wFcr32ZqspCxk4+FvIxIL0AZktRs6DuF8oOsLt59YBU=",
        "owner": "Mic92",
        "repo": "sops-nix",
        "rev": "c5eebd4eb2e3372fe12a8d70a248a6ee9dd02eff",
        "type": "github"
      },
      "original": {
        "owner": "Mic92",
        "repo": "sops-nix",
        "type": "github"
      }
    },
    "systems": {
      "locked": {
        "lastModified": 1681028828,
        "narHash": "sha256-Vy1rq5AaRuLzOxct8nz4T6wlgyUR7zLU309k9mBC768=",
        "owner": "nix-systems",
        "repo": "default",
        "rev": "da67096a3b9bf56a91d16901293e51ba5b49a27e",
        "type": "github"
      },
      "original": {
        "owner": "nix-systems",
        "repo": "default",
        "type": "github"
      }
    },
    "systems_2": {
      "locked": {
        "lastModified": 1681028828,
        "narHash": "sha256-Vy1rq5AaRuLzOxct8nz4T6wlgyUR7zLU309k9mBC768=",
        "owner": "nix-systems",
        "repo": "default",
        "rev": "da67096a3b9bf56a91d16901293e51ba5b49a27e",
        "type": "github"
      },
      "original": {
        "owner": "nix-systems",
        "repo": "default",
        "type": "github"
      }
    },
    "treefmt-nix": {
      "inputs": {
        "nixpkgs": [
          "aiTools",
          "nixpkgs"
        ]
      },
      "locked": {
        "lastModified": 1769353635,
        "narHash": "sha256-J0G1ACrUK29M0THPAsz429eZX07GmR9Bs/b0pB3N0dQ=",
        "owner": "numtide",
        "repo": "treefmt-nix",
        "rev": "f46bb205f239b415309f58166f8df6919fa88377",
        "type": "github"
      },
      "original": {
        "owner": "numtide",
        "repo": "treefmt-nix",
        "type": "github"
      }
    },
    "zig": {
      "inputs": {
        "flake-compat": [
          "ghostty",
          "flake-compat"
        ],
        "flake-utils": [
          "ghostty",
          "flake-utils"
        ],
        "nixpkgs": [
          "ghostty",
          "nixpkgs"
        ]
      },
      "locked": {
        "lastModified": 1763295135,
        "narHash": "sha256-sGv/NHCmEnJivguGwB5w8LRmVqr1P72OjS+NzcJsssE=",
        "owner": "mitchellh",
        "repo": "zig-overlay",
        "rev": "64f8b42cfc615b2cf99144adf2b7728c7847c72a",
        "type": "github"
      },
      "original": {
        "owner": "mitchellh",
        "repo": "zig-overlay",
        "type": "github"
      }
    },
    "zon2nix": {
      "inputs": {
        "nixpkgs": [
          "ghostty",
          "nixpkgs"
        ]
      },
      "locked": {
        "lastModified": 1768231828,
        "narHash": "sha256-wL/8Iij4T2OLkhHcc4NieOjf7YeJffaUYbCiCqKv/+0=",
        "owner": "jcollie",
        "repo": "zon2nix",
        "rev": "c28e93f3ba133d4c1b1d65224e2eebede61fd071",
        "type": "github"
      },
      "original": {
        "owner": "jcollie",
        "repo": "zon2nix",
        "rev": "c28e93f3ba133d4c1b1d65224e2eebede61fd071",
        "type": "github"
      }
    }
  },
  "root": "root",
  "version": 7
}
