{
  "nodes": {
    "nixCats": {
      "locked": {
        "lastModified": 1764009888,
        "narHash": "sha256-hJekfTiW1792txgRSM4LcHnz1lDSY87LYbsJEn2V378=",
        "owner": "BirdeeHub",
        "repo": "nixCats-nvim",
        "rev": "16ac3281f322ea15d39843829e42a44d22da3715",
        "type": "github"
      },
      "original": {
        "owner": "BirdeeHub",
        "repo": "nixCats-nvim",
        "type": "github"
      }
    },
    "nixpkgs": {
      "locked": {
        "lastModified": 1765644376,
        "narHash": "sha256-yqHBL2wYGwjGL2GUF2w3tofWl8qO9tZEuI4wSqbCrtE=",
        "owner": "nixos",
        "repo": "nixpkgs",
        "rev": "23735a82a828372c4ef92c660864e82fbe2f5fbe",
        "type": "github"
      },
      "original": {
        "owner": "nixos",
        "ref": "nixpkgs-unstable",
        "repo": "nixpkgs",
        "type": "github"
      }
    },
    "plugins-blink-cmp-fuzzy-path": {
      "flake": false,
      "locked": {
        "lastModified": 1765126049,
        "narHash": "sha256-7//DN+YGjZLHjVdox5dtTqP7GIkg6JPM9vPZopgFHUY=",
        "owner": "newtoallofthis123",
        "repo": "blink-cmp-fuzzy-path",
        "rev": "9d3c4a1b777d6162d53e0f99513235b62bcb1a17",
        "type": "github"
      },
      "original": {
        "owner": "newtoallofthis123",
        "repo": "blink-cmp-fuzzy-path",
        "type": "github"
      }
    },
    "plugins-blink-cmp-git": {
      "flake": false,
      "locked": {
        "lastModified": 1759993721,
        "narHash": "sha256-zGXFZdID1ej8T1Knp4RpfJQ1uocw2GbOQEJbti6Pkhk=",
        "owner": "Kaiser-Yang",
        "repo": "blink-cmp-git",
        "rev": "e3ad0ffaaa3b3b7e2158cc72cd6dad2d19842c46",
        "type": "github"
      },
      "original": {
        "owner": "Kaiser-Yang",
        "repo": "blink-cmp-git",
        "type": "github"
      }
    },
    "plugins-copilot-lsp": {
      "flake": false,
      "locked": {
        "lastModified": 1762779802,
        "narHash": "sha256-g9/yQ7wsyJQHCp+nKTy5WFGoHPtXEEIMwfyuCasmHTY=",
        "owner": "copilotlsp-nvim",
        "repo": "copilot-lsp",
        "rev": "884034b23c3716d55b417984ad092dc2b011115b",
        "type": "github"
      },
      "original": {
        "owner": "copilotlsp-nvim",
        "repo": "copilot-lsp",
        "type": "github"
      }
    },
    "plugins-custom-theme-nvim": {
      "flake": false,
      "locked": {
        "lastModified": 1662979862,
        "narHash": "sha256-bWvIKDjFPR4aYW8wyaH0tkC0tZSuDriPORj2hFuQwXo=",
        "owner": "Djancyp",
        "repo": "custom-theme.nvim",
        "rev": "75b5535b70d2e3a33977598d0a89a4e6c1b56b1a",
        "type": "github"
      },
      "original": {
        "owner": "Djancyp",
        "repo": "custom-theme.nvim",
        "type": "github"
      }
    },
    "plugins-early-retirement-nvim": {
      "flake": false,
      "locked": {
        "lastModified": 1765621822,
        "narHash": "sha256-zXUs7KWrBTEjtESOGotiAvLh4hqhwZUD6mGSHIYyeF0=",
        "owner": "chrisgrieser",
        "repo": "nvim-early-retirement",
        "rev": "5163af2a7dd73a1239eeccc78ba4fc4c6166a4da",
        "type": "github"
      },
      "original": {
        "owner": "chrisgrieser",
        "repo": "nvim-early-retirement",
        "type": "github"
      }
    },
    "plugins-iceberg-nvim": {
      "flake": false,
      "locked": {
        "lastModified": 1741942676,
        "narHash": "sha256-quSffzX9iPfYv7pzkHk42AcxhjNvYsklqYqOF0xkNyU=",
        "owner": "oahlen",
        "repo": "iceberg.nvim",
        "rev": "15070f77066fce582f5fae09ce4faa080c33aefd",
        "type": "github"
      },
      "original": {
        "owner": "oahlen",
        "repo": "iceberg.nvim",
        "type": "github"
      }
    },
    "plugins-incline-nvim": {
      "flake": false,
      "locked": {
        "lastModified": 1763297530,
        "narHash": "sha256-4YMtnhm1DvywnfxD2D9POZLq+368AsBqbGk6OvNL8/0=",
        "owner": "b0o",
        "repo": "incline.nvim",
        "rev": "6a3b0635bcd2490dbb1fa124217d41bf69ca0fa2",
        "type": "github"
      },
      "original": {
        "owner": "b0o",
        "repo": "incline.nvim",
        "type": "github"
      }
    },
    "plugins-lze": {
      "flake": false,
      "locked": {
        "lastModified": 1765685645,
        "narHash": "sha256-354HPSjcisrcS80z+uybHitjvqkWtbx5MtfTbnMc8Kc=",
        "owner": "BirdeeHub",
        "repo": "lze",
        "rev": "97aeffdbd4e8cd7115c1a3a5123b1ea676e93bf6",
        "type": "github"
      },
      "original": {
        "owner": "BirdeeHub",
        "repo": "lze",
        "type": "github"
      }
    },
    "plugins-lzextras": {
      "flake": false,
      "locked": {
        "lastModified": 1765681970,
        "narHash": "sha256-pBzJjQ5zEGuEefx9bSVbBDgzWYn6UrjCKxmNqw9OHyU=",
        "owner": "BirdeeHub",
        "repo": "lzextras",
        "rev": "34b6a9fd1ee121e5ba9bb9287f7d8f67cbcc6a6e",
        "type": "github"
      },
      "original": {
        "owner": "BirdeeHub",
        "repo": "lzextras",
        "type": "github"
      }
    },
    "plugins-maximize-nvim": {
      "flake": false,
      "locked": {
        "lastModified": 1724018013,
        "narHash": "sha256-rwnvX+Sul+bwESZtpqbvaDJuk49SV9tLUnvgiAH4VMs=",
        "owner": "declancm",
        "repo": "maximize.nvim",
        "rev": "d688b66344b03ee6e5a32a0a40af85d174490af8",
        "type": "github"
      },
      "original": {
        "owner": "declancm",
        "repo": "maximize.nvim",
        "type": "github"
      }
    },
    "plugins-navigator-nvim": {
      "flake": false,
      "locked": {
        "lastModified": 1675344172,
        "narHash": "sha256-Oyuv8mLPiMEsZPRnIgEjBFYJjGEhMzg+gnNhSSRvGoo=",
        "owner": "numToStr",
        "repo": "Navigator.nvim",
        "rev": "91d86506ac2a039504d5205d32a1d4bc7aa57072",
        "type": "github"
      },
      "original": {
        "owner": "numToStr",
        "repo": "Navigator.nvim",
        "type": "github"
      }
    },
    "plugins-octo-nvim": {
      "flake": false,
      "locked": {
        "lastModified": 1765457425,
        "narHash": "sha256-GcsSbV7iTZ65dTqnT8did5qDuFOIr0UgAOhsJAM0S0s=",
        "owner": "pwntester",
        "repo": "octo.nvim",
        "rev": "fb072b0dd58c467ae81c7bec581fbc8f07418d7c",
        "type": "github"
      },
      "original": {
        "owner": "pwntester",
        "repo": "octo.nvim",
        "type": "github"
      }
    },
    "plugins-possession-nvim": {
      "flake": false,
      "locked": {
        "lastModified": 1761078973,
        "narHash": "sha256-RVIjnBU3jAPPda39yhUSVL/QMgg8D2mRAlNpzZfPdUU=",
        "owner": "jedrzejboczar",
        "repo": "possession.nvim",
        "rev": "fbea95b16c284727bc8deff2c3780a73efcdaca6",
        "type": "github"
      },
      "original": {
        "owner": "jedrzejboczar",
        "repo": "possession.nvim",
        "type": "github"
      }
    },
    "plugins-sidekick-nvim": {
      "flake": false,
      "locked": {
        "lastModified": 1761909278,
        "narHash": "sha256-ABuILCcKfYViZoFHaCepgIMLjvMEb/SBmGqGHUBucAM=",
        "owner": "folke",
        "repo": "sidekick.nvim",
        "rev": "c2bdf8cfcd87a6be5f8b84322c1b5052e78e302e",
        "type": "github"
      },
      "original": {
        "owner": "folke",
        "repo": "sidekick.nvim",
        "type": "github"
      }
    },
    "plugins-snacks-nvim": {
      "flake": false,
      "locked": {
        "lastModified": 1763464072,
        "narHash": "sha256-vRedYg29QGPGW0hOX9qbRSIImh1d/SoDZHImDF2oqKM=",
        "owner": "folke",
        "repo": "snacks.nvim",
        "rev": "fe7cfe9800a182274d0f868a74b7263b8c0c020b",
        "type": "github"
      },
      "original": {
        "owner": "folke",
        "repo": "snacks.nvim",
        "type": "github"
      }
    },
    "plugins-timber-nvim": {
      "flake": false,
      "locked": {
        "lastModified": 1764900469,
        "narHash": "sha256-cFsyftT8ZZS5C1LX03qTMu4v1Uljvj/lrIn8bSAxmZw=",
        "owner": "Goose97",
        "repo": "timber.nvim",
        "rev": "1038a15f846e73840819355cab1c4346e6cf97f6",
        "type": "github"
      },
      "original": {
        "owner": "Goose97",
        "repo": "timber.nvim",
        "type": "github"
      }
    },
    "root": {
      "inputs": {
        "nixCats": "nixCats",
        "nixpkgs": "nixpkgs",
        "plugins-blink-cmp-fuzzy-path": "plugins-blink-cmp-fuzzy-path",
        "plugins-blink-cmp-git": "plugins-blink-cmp-git",
        "plugins-copilot-lsp": "plugins-copilot-lsp",
        "plugins-custom-theme-nvim": "plugins-custom-theme-nvim",
        "plugins-early-retirement-nvim": "plugins-early-retirement-nvim",
        "plugins-iceberg-nvim": "plugins-iceberg-nvim",
        "plugins-incline-nvim": "plugins-incline-nvim",
        "plugins-lze": "plugins-lze",
        "plugins-lzextras": "plugins-lzextras",
        "plugins-maximize-nvim": "plugins-maximize-nvim",
        "plugins-navigator-nvim": "plugins-navigator-nvim",
        "plugins-octo-nvim": "plugins-octo-nvim",
        "plugins-possession-nvim": "plugins-possession-nvim",
        "plugins-sidekick-nvim": "plugins-sidekick-nvim",
        "plugins-snacks-nvim": "plugins-snacks-nvim",
        "plugins-timber-nvim": "plugins-timber-nvim"
      }
    }
  },
  "root": "root",
  "version": 7
}
