{
  "nodes": {
    "nixCats": {
      "locked": {
        "lastModified": 1762227818,
        "narHash": "sha256-GSnU4XJucZojGVBGY7djqsT37P9YViCMTVw58tsqrOs=",
        "owner": "BirdeeHub",
        "repo": "nixCats-nvim",
        "rev": "fa7991a4fa7d7227486910ce6724215b88eb8296",
        "type": "github"
      },
      "original": {
        "owner": "BirdeeHub",
        "repo": "nixCats-nvim",
        "type": "github"
      }
    },
    "nixpkgs": {
      "locked": {
        "lastModified": 1762156382,
        "narHash": "sha256-Yg7Ag7ov5+36jEFC1DaZh/12SEXo6OO3/8rqADRxiqs=",
        "owner": "nixos",
        "repo": "nixpkgs",
        "rev": "7241bcbb4f099a66aafca120d37c65e8dda32717",
        "type": "github"
      },
      "original": {
        "owner": "nixos",
        "ref": "nixpkgs-unstable",
        "repo": "nixpkgs",
        "type": "github"
      }
    },
    "plugins-blink-cmp-git": {
      "flake": false,
      "locked": {
        "lastModified": 1759993721,
        "narHash": "sha256-zGXFZdID1ej8T1Knp4RpfJQ1uocw2GbOQEJbti6Pkhk=",
        "owner": "Kaiser-Yang",
        "repo": "blink-cmp-git",
        "rev": "e3ad0ffaaa3b3b7e2158cc72cd6dad2d19842c46",
        "type": "github"
      },
      "original": {
        "owner": "Kaiser-Yang",
        "repo": "blink-cmp-git",
        "type": "github"
      }
    },
    "plugins-custom-theme-nvim": {
      "flake": false,
      "locked": {
        "lastModified": 1662979862,
        "narHash": "sha256-bWvIKDjFPR4aYW8wyaH0tkC0tZSuDriPORj2hFuQwXo=",
        "owner": "Djancyp",
        "repo": "custom-theme.nvim",
        "rev": "75b5535b70d2e3a33977598d0a89a4e6c1b56b1a",
        "type": "github"
      },
      "original": {
        "owner": "Djancyp",
        "repo": "custom-theme.nvim",
        "type": "github"
      }
    },
    "plugins-early-retirement-nvim": {
      "flake": false,
      "locked": {
        "lastModified": 1760385962,
        "narHash": "sha256-PtpD6Uc4GK4dSJynWH5d6c7XOWXfYODXJ3FyOY1eZNo=",
        "owner": "chrisgrieser",
        "repo": "nvim-early-retirement",
        "rev": "9109589b542773c9ad2a34067a085874f255577b",
        "type": "github"
      },
      "original": {
        "owner": "chrisgrieser",
        "repo": "nvim-early-retirement",
        "type": "github"
      }
    },
    "plugins-iceberg-nvim": {
      "flake": false,
      "locked": {
        "lastModified": 1741942676,
        "narHash": "sha256-quSffzX9iPfYv7pzkHk42AcxhjNvYsklqYqOF0xkNyU=",
        "owner": "oahlen",
        "repo": "iceberg.nvim",
        "rev": "15070f77066fce582f5fae09ce4faa080c33aefd",
        "type": "github"
      },
      "original": {
        "owner": "oahlen",
        "repo": "iceberg.nvim",
        "type": "github"
      }
    },
    "plugins-incline-nvim": {
      "flake": false,
      "locked": {
        "lastModified": 1749113304,
        "narHash": "sha256-Xz2OLjms3Yt+xv/BfYZoCb8O+zF6/Z5ZHBQOqcUvo6c=",
        "owner": "b0o",
        "repo": "incline.nvim",
        "rev": "0fd2d5a27504dba7fdc507a53275f22c081fe640",
        "type": "github"
      },
      "original": {
        "owner": "b0o",
        "repo": "incline.nvim",
        "type": "github"
      }
    },
    "plugins-lze": {
      "flake": false,
      "locked": {
        "lastModified": 1761026590,
        "narHash": "sha256-3HcaDGclcAPnnPLEYNfxrbdMYB3WU2uHxZNJfZvq0FM=",
        "owner": "BirdeeHub",
        "repo": "lze",
        "rev": "3c8a7689bff4b608dcc7a8c8f10adba26884fe40",
        "type": "github"
      },
      "original": {
        "owner": "BirdeeHub",
        "repo": "lze",
        "type": "github"
      }
    },
    "plugins-lzextras": {
      "flake": false,
      "locked": {
        "lastModified": 1761026526,
        "narHash": "sha256-JimOJB41X3K+rZuPW20rePzs0cbGSpUetTUSRrP/7vI=",
        "owner": "BirdeeHub",
        "repo": "lzextras",
        "rev": "dc2c17912d5a08e07d37223f5b1cf573832ad12b",
        "type": "github"
      },
      "original": {
        "owner": "BirdeeHub",
        "repo": "lzextras",
        "type": "github"
      }
    },
    "plugins-maximize-nvim": {
      "flake": false,
      "locked": {
        "lastModified": 1724018013,
        "narHash": "sha256-rwnvX+Sul+bwESZtpqbvaDJuk49SV9tLUnvgiAH4VMs=",
        "owner": "declancm",
        "repo": "maximize.nvim",
        "rev": "d688b66344b03ee6e5a32a0a40af85d174490af8",
        "type": "github"
      },
      "original": {
        "owner": "declancm",
        "repo": "maximize.nvim",
        "type": "github"
      }
    },
    "plugins-navigator-nvim": {
      "flake": false,
      "locked": {
        "lastModified": 1675344172,
        "narHash": "sha256-Oyuv8mLPiMEsZPRnIgEjBFYJjGEhMzg+gnNhSSRvGoo=",
        "owner": "numToStr",
        "repo": "Navigator.nvim",
        "rev": "91d86506ac2a039504d5205d32a1d4bc7aa57072",
        "type": "github"
      },
      "original": {
        "owner": "numToStr",
        "repo": "Navigator.nvim",
        "type": "github"
      }
    },
    "plugins-octo-nvim": {
      "flake": false,
      "locked": {
        "lastModified": 1762208128,
        "narHash": "sha256-Xb1raDOgKt51dIk4amTXcUJkrqkhIvicC1cF+T7SkNg=",
        "owner": "pwntester",
        "repo": "octo.nvim",
        "rev": "bb705d90ec9479d5061274a1caa46a98da736a6b",
        "type": "github"
      },
      "original": {
        "owner": "pwntester",
        "repo": "octo.nvim",
        "type": "github"
      }
    },
    "plugins-possession-nvim": {
      "flake": false,
      "locked": {
        "lastModified": 1761078973,
        "narHash": "sha256-RVIjnBU3jAPPda39yhUSVL/QMgg8D2mRAlNpzZfPdUU=",
        "owner": "jedrzejboczar",
        "repo": "possession.nvim",
        "rev": "fbea95b16c284727bc8deff2c3780a73efcdaca6",
        "type": "github"
      },
      "original": {
        "owner": "jedrzejboczar",
        "repo": "possession.nvim",
        "type": "github"
      }
    },
    "plugins-sidekick-nvim": {
      "flake": false,
      "locked": {
        "lastModified": 1761909278,
        "narHash": "sha256-ABuILCcKfYViZoFHaCepgIMLjvMEb/SBmGqGHUBucAM=",
        "owner": "folke",
        "repo": "sidekick.nvim",
        "rev": "c2bdf8cfcd87a6be5f8b84322c1b5052e78e302e",
        "type": "github"
      },
      "original": {
        "owner": "folke",
        "repo": "sidekick.nvim",
        "type": "github"
      }
    },
    "plugins-snacks-nvim": {
      "flake": false,
      "locked": {
        "lastModified": 1762235168,
        "narHash": "sha256-WFS2jdeuHZOmh5OROyiTI5GKQNp6c+0IWtF0QyzetgY=",
        "owner": "folke",
        "repo": "snacks.nvim",
        "rev": "41712e3026a6d690e3c65f83b335cb34e054d2cd",
        "type": "github"
      },
      "original": {
        "owner": "folke",
        "repo": "snacks.nvim",
        "type": "github"
      }
    },
    "plugins-timber-nvim": {
      "flake": false,
      "locked": {
        "lastModified": 1760605212,
        "narHash": "sha256-IOUVQyIwPRaHHuNrVTg2zGDSiFGg/3QlmTpclNAoxsE=",
        "owner": "Goose97",
        "repo": "timber.nvim",
        "rev": "405a9afeabf56181fb04e8a0f23eb9ecdb2c736f",
        "type": "github"
      },
      "original": {
        "owner": "Goose97",
        "repo": "timber.nvim",
        "type": "github"
      }
    },
    "root": {
      "inputs": {
        "nixCats": "nixCats",
        "nixpkgs": "nixpkgs",
        "plugins-blink-cmp-git": "plugins-blink-cmp-git",
        "plugins-custom-theme-nvim": "plugins-custom-theme-nvim",
        "plugins-early-retirement-nvim": "plugins-early-retirement-nvim",
        "plugins-iceberg-nvim": "plugins-iceberg-nvim",
        "plugins-incline-nvim": "plugins-incline-nvim",
        "plugins-lze": "plugins-lze",
        "plugins-lzextras": "plugins-lzextras",
        "plugins-maximize-nvim": "plugins-maximize-nvim",
        "plugins-navigator-nvim": "plugins-navigator-nvim",
        "plugins-octo-nvim": "plugins-octo-nvim",
        "plugins-possession-nvim": "plugins-possession-nvim",
        "plugins-sidekick-nvim": "plugins-sidekick-nvim",
        "plugins-snacks-nvim": "plugins-snacks-nvim",
        "plugins-timber-nvim": "plugins-timber-nvim"
      }
    }
  },
  "root": "root",
  "version": 7
}
