{
  "name": "codex",
  "lockfileVersion": 3,
  "requires": true,
  "packages": {
    "": {
      "dependencies": {
        "@openai/codex": "^0.46.0"
      }
    },
    "node_modules/@openai/codex": {
      "version": "0.46.0",
      "resolved": "https://registry.npmjs.org/@openai/codex/-/codex-0.46.0.tgz",
      "integrity": "sha512-wPyYWfmeh91Ue+OxgBkKZK9ibZMLis4s2Kr5edSlvRQRpkPw1WaFhG+jfHO3rUeRNrxV9hI5HDLlh0Phk+D68Q==",
      "license": "Apache-2.0",
      "bin": {
        "codex": "bin/codex.js"
      },
      "engines": {
        "node": ">=16"
      }
    }
  }
}
