{
  "name": "codex",
  "lockfileVersion": 3,
  "requires": true,
  "packages": {
    "": {
      "dependencies": {
        "@openai/codex": "^0.45.0"
      }
    },
    "node_modules/@openai/codex": {
      "version": "0.45.0",
      "resolved": "https://registry.npmjs.org/@openai/codex/-/codex-0.45.0.tgz",
      "integrity": "sha512-ykQ8WuOMJotk+tIfEhqBNrbrtn6FzG98huVxnOq/xbAjq94YPdyQRhZx6+ukwEqhBbV06Seo88RY+vbYi40urg==",
      "license": "Apache-2.0",
      "bin": {
        "codex": "bin/codex.js"
      },
      "engines": {
        "node": ">=16"
      }
    }
  }
}
