{
  "name": "codex",
  "lockfileVersion": 3,
  "requires": true,
  "packages": {
    "": {
      "dependencies": {
        "@openai/codex": "^0.53.0"
      }
    },
    "node_modules/@openai/codex": {
      "version": "0.53.0",
      "resolved": "https://registry.npmjs.org/@openai/codex/-/codex-0.53.0.tgz",
      "integrity": "sha512-p9FxjMQuEU1LQ+YG2HPci1fafNAAvL2q8mXJkfTsPLUU1/uTsOohemtbvjC+LYTHd99Y6WseaAdmm1JBXqGsHw==",
      "license": "Apache-2.0",
      "bin": {
        "codex": "bin/codex.js"
      },
      "engines": {
        "node": ">=16"
      }
    }
  }
}
