{
  "name": "ccusage",
  "lockfileVersion": 3,
  "requires": true,
  "packages": {
    "": {
      "dependencies": {
        "ccusage": "^17.1.5"
      }
    },
    "node_modules/ccusage": {
      "version": "17.1.5",
      "resolved": "https://registry.npmjs.org/ccusage/-/ccusage-17.1.5.tgz",
      "integrity": "sha512-ljzdAffDSxKbIMcn2/Nmi4lOWMiRmeB+U9oG+4aMAUjSs2Fg7K7onYTJBbdxa6yTxcX7KHq/VaW2o9faQD4o+A==",
      "license": "MIT",
      "bin": {
        "ccusage": "dist/index.js"
      },
      "engines": {
        "node": ">=20.19.4"
      },
      "funding": {
        "url": "https://github.com/ryoppippi/ccusage?sponsor=1"
      }
    }
  }
}
